
Microsoft Visual Studio Solution File, Format Version 12.00
# Visual Studio 2012
Project("{E24C65DC-7377-472B-9ABA-BC803B73C61A}") = "SearchEngine", "http://localhost:61339", "{31793FF3-A471-4755-9798-7BB5F600A5D9}"
	ProjectSection(WebsiteProperties) = preProject
		Frontpage = "false"
		UseIISExpress = "true"
		TargetFrameworkMoniker = ".NETFramework,Version%3Dv4.0"
		Debug.AspNetCompiler.VirtualPath = "/localhost_61339"
		Debug.AspNetCompiler.PhysicalPath = "..\SearchEngine\"
		Debug.AspNetCompiler.TargetPath = "PrecompiledWeb\localhost_61339\"
		Debug.AspNetCompiler.Updateable = "true"
		Debug.AspNetCompiler.ForceOverwrite = "true"
		Debug.AspNetCompiler.FixedNames = "false"
		Debug.AspNetCompiler.Debug = "True"
		Release.AspNetCompiler.VirtualPath = "/localhost_61339"
		Release.AspNetCompiler.PhysicalPath = "..\SearchEngine\"
		Release.AspNetCompiler.TargetPath = "PrecompiledWeb\localhost_61339\"
		Release.AspNetCompiler.Updateable = "true"
		Release.AspNetCompiler.ForceOverwrite = "true"
		Release.AspNetCompiler.FixedNames = "false"
		Release.AspNetCompiler.Debug = "False"
		SlnRelativePath = "..\SearchEngine\"
	EndProjectSection
EndProject
Global
	GlobalSection(SolutionConfigurationPlatforms) = preSolution
		Debug|Any CPU = Debug|Any CPU
	EndGlobalSection
	GlobalSection(ProjectConfigurationPlatforms) = postSolution
		{31793FF3-A471-4755-9798-7BB5F600A5D9}.Debug|Any CPU.ActiveCfg = Debug|Any CPU
		{31793FF3-A471-4755-9798-7BB5F600A5D9}.Debug|Any CPU.Build.0 = Debug|Any CPU
	EndGlobalSection
	GlobalSection(SolutionProperties) = preSolution
		HideSolutionNode = FALSE
	EndGlobalSection
EndGlobal
